
Microsoft Visual Studio Solution File, Format Version 12.00
# Visual Studio Version 17
VisualStudioVersion = 17.5.33516.290
MinimumVisualStudioVersion = 10.0.40219.1
Project("{FAE04EC0-301F-11D3-BF4B-00C04F79EFBC}") = "Ex03.ConsoleUI", "Ex03.ConsoleUI\Ex03.ConsoleUI.csproj", "{7C68F253-B018-4753-BF32-5A24E06BFE58}"
EndProject
Project("{FAE04EC0-301F-11D3-BF4B-00C04F79EFBC}") = "Ex03.GarageLogic", "Ex03.GarageLogic\Ex03.GarageLogic.csproj", "{EE465B3C-80C7-4072-9C2D-37A50144931F}"
EndProject
Global
	GlobalSection(SolutionConfigurationPlatforms) = preSolution
		Debug|Any CPU = Debug|Any CPU
		Release|Any CPU = Release|Any CPU
	EndGlobalSection
	GlobalSection(ProjectConfigurationPlatforms) = postSolution
		{7C68F253-B018-4753-BF32-5A24E06BFE58}.Debug|Any CPU.ActiveCfg = Debug|Any CPU
		{7C68F253-B018-4753-BF32-5A24E06BFE58}.Debug|Any CPU.Build.0 = Debug|Any CPU
		{7C68F253-B018-4753-BF32-5A24E06BFE58}.Release|Any CPU.ActiveCfg = Release|Any CPU
		{7C68F253-B018-4753-BF32-5A24E06BFE58}.Release|Any CPU.Build.0 = Release|Any CPU
		{EE465B3C-80C7-4072-9C2D-37A50144931F}.Debug|Any CPU.ActiveCfg = Debug|Any CPU
		{EE465B3C-80C7-4072-9C2D-37A50144931F}.Debug|Any CPU.Build.0 = Debug|Any CPU
		{EE465B3C-80C7-4072-9C2D-37A50144931F}.Release|Any CPU.ActiveCfg = Release|Any CPU
		{EE465B3C-80C7-4072-9C2D-37A50144931F}.Release|Any CPU.Build.0 = Release|Any CPU
	EndGlobalSection
	GlobalSection(SolutionProperties) = preSolution
		HideSolutionNode = FALSE
	EndGlobalSection
	GlobalSection(ExtensibilityGlobals) = postSolution
		SolutionGuid = {B9050106-9FC0-47F0-848C-BFC1D599B379}
	EndGlobalSection
EndGlobal
